// !$*UTF8*$!
{
	archiveVersion = 1;
	classes = {
	};
	objectVersion = 56;
	objects = {

/* Begin PBXBuildFile section */
		170D9C0529CB4DBD00A15042 /* Constants.swift in Sources */ = {isa = PBXBuildFile; fileRef = 170D9C0429CB4DBD00A15042 /* Constants.swift */; };
		1729366129C38EFA0024B8DD /* LocationCellModel.swift in Sources */ = {isa = PBXBuildFile; fileRef = 1729366029C38EFA0024B8DD /* LocationCellModel.swift */; };
		172936AE29C4FC2D0024B8DD /* WeatherViewModelTest.swift in Sources */ = {isa = PBXBuildFile; fileRef = 172936AD29C4FC2D0024B8DD /* WeatherViewModelTest.swift */; };
		172936B029C5846E0024B8DD /* TestableObserver+Extension.swift in Sources */ = {isa = PBXBuildFile; fileRef = 172936AF29C5846E0024B8DD /* TestableObserver+Extension.swift */; };
		172936B229C586E10024B8DD /* LocationDataManagerFake.swift in Sources */ = {isa = PBXBuildFile; fileRef = 172936B129C586E10024B8DD /* LocationDataManagerFake.swift */; };
		172936B829C592D20024B8DD /* LocationDataManagerTest.swift in Sources */ = {isa = PBXBuildFile; fileRef = 172936B729C592D20024B8DD /* LocationDataManagerTest.swift */; };
		172936BC29C5EBDA0024B8DD /* LocationSearchViewModelTests.swift in Sources */ = {isa = PBXBuildFile; fileRef = 172936BB29C5EBDA0024B8DD /* LocationSearchViewModelTests.swift */; };
		172936BF29C67B140024B8DD /* HttpCommunicationManagerFake.swift in Sources */ = {isa = PBXBuildFile; fileRef = 172936BE29C67B140024B8DD /* HttpCommunicationManagerFake.swift */; };
		1786387929C1ED680059310F /* LocationTableViewCell.swift in Sources */ = {isa = PBXBuildFile; fileRef = 1786387729C1ED680059310F /* LocationTableViewCell.swift */; };
		1786387A29C1ED680059310F /* LocationTableViewCell.xib in Resources */ = {isa = PBXBuildFile; fileRef = 1786387829C1ED680059310F /* LocationTableViewCell.xib */; };
		178638BF29C200840059310F /* Location.swift in Sources */ = {isa = PBXBuildFile; fileRef = 178638BE29C200840059310F /* Location.swift */; };
		178638C129C202EC0059310F /* LocationDataManager.swift in Sources */ = {isa = PBXBuildFile; fileRef = 178638C029C202EC0059310F /* LocationDataManager.swift */; };
		178638C529C22BD00059310F /* SavedLocationCellModel.swift in Sources */ = {isa = PBXBuildFile; fileRef = 178638C429C22BD00059310F /* SavedLocationCellModel.swift */; };
		178638CB29C311940059310F /* UITableViewCell+Extension.swift in Sources */ = {isa = PBXBuildFile; fileRef = 178638CA29C311940059310F /* UITableViewCell+Extension.swift */; };
		178638D229C33B110059310F /* SavedLocationTableViewCell.swift in Sources */ = {isa = PBXBuildFile; fileRef = 178638D029C33B110059310F /* SavedLocationTableViewCell.swift */; };
		178638D329C33B110059310F /* SavedLocationTableViewCell.xib in Resources */ = {isa = PBXBuildFile; fileRef = 178638D129C33B110059310F /* SavedLocationTableViewCell.xib */; };
		178638D529C33C570059310F /* LocationSearchViewController.swift in Sources */ = {isa = PBXBuildFile; fileRef = 178638D429C33C570059310F /* LocationSearchViewController.swift */; };
		178638D729C347020059310F /* LocationSearchViewModel.swift in Sources */ = {isa = PBXBuildFile; fileRef = 178638D629C347020059310F /* LocationSearchViewModel.swift */; };
		17B0BB7E29BF517100B08EA7 /* AppDelegate.swift in Sources */ = {isa = PBXBuildFile; fileRef = 17B0BB7D29BF517100B08EA7 /* AppDelegate.swift */; };
		17B0BB8529BF517100B08EA7 /* Main.storyboard in Resources */ = {isa = PBXBuildFile; fileRef = 17B0BB8329BF517100B08EA7 /* Main.storyboard */; };
		17B0BB8729BF517100B08EA7 /* Assets.xcassets in Resources */ = {isa = PBXBuildFile; fileRef = 17B0BB8629BF517100B08EA7 /* Assets.xcassets */; };
		17B0BB8A29BF517100B08EA7 /* LaunchScreen.storyboard in Resources */ = {isa = PBXBuildFile; fileRef = 17B0BB8829BF517100B08EA7 /* LaunchScreen.storyboard */; };
		17B0BB9F29BF517200B08EA7 /* WeatherUITests.swift in Sources */ = {isa = PBXBuildFile; fileRef = 17B0BB9E29BF517200B08EA7 /* WeatherUITests.swift */; };
		17B0BBA129BF517200B08EA7 /* WeatherUITestsLaunchTests.swift in Sources */ = {isa = PBXBuildFile; fileRef = 17B0BBA029BF517200B08EA7 /* WeatherUITestsLaunchTests.swift */; };
		17B0BBB029BF64D000B08EA7 /* Factory.swift in Sources */ = {isa = PBXBuildFile; fileRef = 17B0BBAF29BF64D000B08EA7 /* Factory.swift */; };
		17B0BBB229BF651F00B08EA7 /* ViewFactory.swift in Sources */ = {isa = PBXBuildFile; fileRef = 17B0BBB129BF651F00B08EA7 /* ViewFactory.swift */; };
		17B0BBBB29BF7D2C00B08EA7 /* Coordinator.swift in Sources */ = {isa = PBXBuildFile; fileRef = 17B0BBBA29BF7D2C00B08EA7 /* Coordinator.swift */; };
		17B0BBBD29BF7D5E00B08EA7 /* MainCoordinator.swift in Sources */ = {isa = PBXBuildFile; fileRef = 17B0BBBC29BF7D5E00B08EA7 /* MainCoordinator.swift */; };
		17B0BBC129BF7E9800B08EA7 /* UIViewController+Extension.swift in Sources */ = {isa = PBXBuildFile; fileRef = 17B0BBC029BF7E9800B08EA7 /* UIViewController+Extension.swift */; };
		17F20D9129BF937700971F42 /* HttpCommunicationManager.swift in Sources */ = {isa = PBXBuildFile; fileRef = 17F20D9029BF937700971F42 /* HttpCommunicationManager.swift */; };
		17F20D9329C0848D00971F42 /* URLFactory.swift in Sources */ = {isa = PBXBuildFile; fileRef = 17F20D9229C0848D00971F42 /* URLFactory.swift */; };
		17F20D9629C0885300971F42 /* HttpCommunicationService.swift in Sources */ = {isa = PBXBuildFile; fileRef = 17F20D9529C0885200971F42 /* HttpCommunicationService.swift */; };
		17F20D9829C0CCB400971F42 /* ObservableConvertibleType+Extension.swift in Sources */ = {isa = PBXBuildFile; fileRef = 17F20D9729C0CCB400971F42 /* ObservableConvertibleType+Extension.swift */; };
		17F20D9A29C1003700971F42 /* LocationWeather.swift in Sources */ = {isa = PBXBuildFile; fileRef = 17F20D9929C1003700971F42 /* LocationWeather.swift */; };
		17F20D9C29C121A300971F42 /* WeatherViewController.swift in Sources */ = {isa = PBXBuildFile; fileRef = 17F20D9B29C121A300971F42 /* WeatherViewController.swift */; };
		17F20D9E29C1CBB000971F42 /* WeatherViewModel.swift in Sources */ = {isa = PBXBuildFile; fileRef = 17F20D9D29C1CBB000971F42 /* WeatherViewModel.swift */; };
		17F20DA029C1E01D00971F42 /* UIImageView+Extension.swift in Sources */ = {isa = PBXBuildFile; fileRef = 17F20D9F29C1E01D00971F42 /* UIImageView+Extension.swift */; };
		1C4024A21D9B3FFABBDBF94D /* Pods_Weather_WeatherUITests.framework in Frameworks */ = {isa = PBXBuildFile; fileRef = 60E36202FE73D433E9C988A2 /* Pods_Weather_WeatherUITests.framework */; };
		37CF63B14A5E7D448A1A4B7A /* Pods_Weather.framework in Frameworks */ = {isa = PBXBuildFile; fileRef = AD65542364E8A498BD393E38 /* Pods_Weather.framework */; };
		3E6CF914B371EEB2BD20273E /* Pods_WeatherTests.framework in Frameworks */ = {isa = PBXBuildFile; fileRef = 0118268B0F67A77F0105C12B /* Pods_WeatherTests.framework */; };
/* End PBXBuildFile section */

/* Begin PBXContainerItemProxy section */
		17B0BB9129BF517100B08EA7 /* PBXContainerItemProxy */ = {
			isa = PBXContainerItemProxy;
			containerPortal = 17B0BB7229BF517100B08EA7 /* Project object */;
			proxyType = 1;
			remoteGlobalIDString = 17B0BB7929BF517100B08EA7;
			remoteInfo = Weather;
		};
		17B0BB9B29BF517200B08EA7 /* PBXContainerItemProxy */ = {
			isa = PBXContainerItemProxy;
			containerPortal = 17B0BB7229BF517100B08EA7 /* Project object */;
			proxyType = 1;
			remoteGlobalIDString = 17B0BB7929BF517100B08EA7;
			remoteInfo = Weather;
		};
/* End PBXContainerItemProxy section */

/* Begin PBXFileReference section */
		0118268B0F67A77F0105C12B /* Pods_WeatherTests.framework */ = {isa = PBXFileReference; explicitFileType = wrapper.framework; includeInIndex = 0; path = Pods_WeatherTests.framework; sourceTree = BUILT_PRODUCTS_DIR; };
		170D9C0429CB4DBD00A15042 /* Constants.swift */ = {isa = PBXFileReference; lastKnownFileType = sourcecode.swift; path = Constants.swift; sourceTree = "<group>"; };
		1729366029C38EFA0024B8DD /* LocationCellModel.swift */ = {isa = PBXFileReference; fileEncoding = 4; lastKnownFileType = sourcecode.swift; path = LocationCellModel.swift; sourceTree = "<group>"; };
		172936AD29C4FC2D0024B8DD /* WeatherViewModelTest.swift */ = {isa = PBXFileReference; lastKnownFileType = sourcecode.swift; path = WeatherViewModelTest.swift; sourceTree = "<group>"; };
		172936AF29C5846E0024B8DD /* TestableObserver+Extension.swift */ = {isa = PBXFileReference; lastKnownFileType = sourcecode.swift; path = "TestableObserver+Extension.swift"; sourceTree = "<group>"; };
		172936B129C586E10024B8DD /* LocationDataManagerFake.swift */ = {isa = PBXFileReference; lastKnownFileType = sourcecode.swift; path = LocationDataManagerFake.swift; sourceTree = "<group>"; };
		172936B729C592D20024B8DD /* LocationDataManagerTest.swift */ = {isa = PBXFileReference; lastKnownFileType = sourcecode.swift; path = LocationDataManagerTest.swift; sourceTree = "<group>"; };
		172936BB29C5EBDA0024B8DD /* LocationSearchViewModelTests.swift */ = {isa = PBXFileReference; lastKnownFileType = sourcecode.swift; path = LocationSearchViewModelTests.swift; sourceTree = "<group>"; };
		172936BE29C67B140024B8DD /* HttpCommunicationManagerFake.swift */ = {isa = PBXFileReference; lastKnownFileType = sourcecode.swift; path = HttpCommunicationManagerFake.swift; sourceTree = "<group>"; };
		1786387729C1ED680059310F /* LocationTableViewCell.swift */ = {isa = PBXFileReference; lastKnownFileType = sourcecode.swift; path = LocationTableViewCell.swift; sourceTree = "<group>"; };
		1786387829C1ED680059310F /* LocationTableViewCell.xib */ = {isa = PBXFileReference; lastKnownFileType = file.xib; path = LocationTableViewCell.xib; sourceTree = "<group>"; };
		178638BE29C200840059310F /* Location.swift */ = {isa = PBXFileReference; lastKnownFileType = sourcecode.swift; path = Location.swift; sourceTree = "<group>"; };
		178638C029C202EC0059310F /* LocationDataManager.swift */ = {isa = PBXFileReference; lastKnownFileType = sourcecode.swift; path = LocationDataManager.swift; sourceTree = "<group>"; };
		178638C429C22BD00059310F /* SavedLocationCellModel.swift */ = {isa = PBXFileReference; lastKnownFileType = sourcecode.swift; path = SavedLocationCellModel.swift; sourceTree = "<group>"; };
		178638CA29C311940059310F /* UITableViewCell+Extension.swift */ = {isa = PBXFileReference; lastKnownFileType = sourcecode.swift; path = "UITableViewCell+Extension.swift"; sourceTree = "<group>"; };
		178638D029C33B110059310F /* SavedLocationTableViewCell.swift */ = {isa = PBXFileReference; lastKnownFileType = sourcecode.swift; path = SavedLocationTableViewCell.swift; sourceTree = "<group>"; };
		178638D129C33B110059310F /* SavedLocationTableViewCell.xib */ = {isa = PBXFileReference; lastKnownFileType = file.xib; path = SavedLocationTableViewCell.xib; sourceTree = "<group>"; };
		178638D429C33C570059310F /* LocationSearchViewController.swift */ = {isa = PBXFileReference; lastKnownFileType = sourcecode.swift; path = LocationSearchViewController.swift; sourceTree = "<group>"; };
		178638D629C347020059310F /* LocationSearchViewModel.swift */ = {isa = PBXFileReference; lastKnownFileType = sourcecode.swift; path = LocationSearchViewModel.swift; sourceTree = "<group>"; };
		17B0BB7A29BF517100B08EA7 /* Weather.app */ = {isa = PBXFileReference; explicitFileType = wrapper.application; includeInIndex = 0; path = Weather.app; sourceTree = BUILT_PRODUCTS_DIR; };
		17B0BB7D29BF517100B08EA7 /* AppDelegate.swift */ = {isa = PBXFileReference; lastKnownFileType = sourcecode.swift; path = AppDelegate.swift; sourceTree = "<group>"; };
		17B0BB8429BF517100B08EA7 /* Base */ = {isa = PBXFileReference; lastKnownFileType = file.storyboard; name = Base; path = Base.lproj/Main.storyboard; sourceTree = "<group>"; };
		17B0BB8629BF517100B08EA7 /* Assets.xcassets */ = {isa = PBXFileReference; lastKnownFileType = folder.assetcatalog; path = Assets.xcassets; sourceTree = "<group>"; };
		17B0BB8929BF517100B08EA7 /* Base */ = {isa = PBXFileReference; lastKnownFileType = file.storyboard; name = Base; path = Base.lproj/LaunchScreen.storyboard; sourceTree = "<group>"; };
		17B0BB8B29BF517100B08EA7 /* Info.plist */ = {isa = PBXFileReference; lastKnownFileType = text.plist.xml; path = Info.plist; sourceTree = "<group>"; };
		17B0BB9029BF517100B08EA7 /* WeatherTests.xctest */ = {isa = PBXFileReference; explicitFileType = wrapper.cfbundle; includeInIndex = 0; path = WeatherTests.xctest; sourceTree = BUILT_PRODUCTS_DIR; };
		17B0BB9A29BF517200B08EA7 /* WeatherUITests.xctest */ = {isa = PBXFileReference; explicitFileType = wrapper.cfbundle; includeInIndex = 0; path = WeatherUITests.xctest; sourceTree = BUILT_PRODUCTS_DIR; };
		17B0BB9E29BF517200B08EA7 /* WeatherUITests.swift */ = {isa = PBXFileReference; lastKnownFileType = sourcecode.swift; path = WeatherUITests.swift; sourceTree = "<group>"; };
		17B0BBA029BF517200B08EA7 /* WeatherUITestsLaunchTests.swift */ = {isa = PBXFileReference; lastKnownFileType = sourcecode.swift; path = WeatherUITestsLaunchTests.swift; sourceTree = "<group>"; };
		17B0BBAF29BF64D000B08EA7 /* Factory.swift */ = {isa = PBXFileReference; lastKnownFileType = sourcecode.swift; path = Factory.swift; sourceTree = "<group>"; };
		17B0BBB129BF651F00B08EA7 /* ViewFactory.swift */ = {isa = PBXFileReference; lastKnownFileType = sourcecode.swift; path = ViewFactory.swift; sourceTree = "<group>"; };
		17B0BBBA29BF7D2C00B08EA7 /* Coordinator.swift */ = {isa = PBXFileReference; lastKnownFileType = sourcecode.swift; path = Coordinator.swift; sourceTree = "<group>"; };
		17B0BBBC29BF7D5E00B08EA7 /* MainCoordinator.swift */ = {isa = PBXFileReference; lastKnownFileType = sourcecode.swift; path = MainCoordinator.swift; sourceTree = "<group>"; };
		17B0BBC029BF7E9800B08EA7 /* UIViewController+Extension.swift */ = {isa = PBXFileReference; lastKnownFileType = sourcecode.swift; path = "UIViewController+Extension.swift"; sourceTree = "<group>"; };
		17F20D9029BF937700971F42 /* HttpCommunicationManager.swift */ = {isa = PBXFileReference; lastKnownFileType = sourcecode.swift; path = HttpCommunicationManager.swift; sourceTree = "<group>"; };
		17F20D9229C0848D00971F42 /* URLFactory.swift */ = {isa = PBXFileReference; lastKnownFileType = sourcecode.swift; path = URLFactory.swift; sourceTree = "<group>"; };
		17F20D9529C0885200971F42 /* HttpCommunicationService.swift */ = {isa = PBXFileReference; lastKnownFileType = sourcecode.swift; path = HttpCommunicationService.swift; sourceTree = "<group>"; };
		17F20D9729C0CCB400971F42 /* ObservableConvertibleType+Extension.swift */ = {isa = PBXFileReference; lastKnownFileType = sourcecode.swift; path = "ObservableConvertibleType+Extension.swift"; sourceTree = "<group>"; };
		17F20D9929C1003700971F42 /* LocationWeather.swift */ = {isa = PBXFileReference; lastKnownFileType = sourcecode.swift; path = LocationWeather.swift; sourceTree = "<group>"; };
		17F20D9B29C121A300971F42 /* WeatherViewController.swift */ = {isa = PBXFileReference; lastKnownFileType = sourcecode.swift; path = WeatherViewController.swift; sourceTree = "<group>"; };
		17F20D9D29C1CBB000971F42 /* WeatherViewModel.swift */ = {isa = PBXFileReference; lastKnownFileType = sourcecode.swift; path = WeatherViewModel.swift; sourceTree = "<group>"; };
		17F20D9F29C1E01D00971F42 /* UIImageView+Extension.swift */ = {isa = PBXFileReference; lastKnownFileType = sourcecode.swift; path = "UIImageView+Extension.swift"; sourceTree = "<group>"; };
		1CE8DDA1BB4C1E7924ABDEFF /* Pods-WeatherTests.debug.xcconfig */ = {isa = PBXFileReference; includeInIndex = 1; lastKnownFileType = text.xcconfig; name = "Pods-WeatherTests.debug.xcconfig"; path = "Target Support Files/Pods-WeatherTests/Pods-WeatherTests.debug.xcconfig"; sourceTree = "<group>"; };
		60E36202FE73D433E9C988A2 /* Pods_Weather_WeatherUITests.framework */ = {isa = PBXFileReference; explicitFileType = wrapper.framework; includeInIndex = 0; path = Pods_Weather_WeatherUITests.framework; sourceTree = BUILT_PRODUCTS_DIR; };
		6E3BF6BF74BC4608F4A67ECE /* Pods-Weather-WeatherUITests.debug.xcconfig */ = {isa = PBXFileReference; includeInIndex = 1; lastKnownFileType = text.xcconfig; name = "Pods-Weather-WeatherUITests.debug.xcconfig"; path = "Target Support Files/Pods-Weather-WeatherUITests/Pods-Weather-WeatherUITests.debug.xcconfig"; sourceTree = "<group>"; };
		73EB48B9520F1D5CD77C6318 /* Pods-WeatherTests.release.xcconfig */ = {isa = PBXFileReference; includeInIndex = 1; lastKnownFileType = text.xcconfig; name = "Pods-WeatherTests.release.xcconfig"; path = "Target Support Files/Pods-WeatherTests/Pods-WeatherTests.release.xcconfig"; sourceTree = "<group>"; };
		AD65542364E8A498BD393E38 /* Pods_Weather.framework */ = {isa = PBXFileReference; explicitFileType = wrapper.framework; includeInIndex = 0; path = Pods_Weather.framework; sourceTree = BUILT_PRODUCTS_DIR; };
		B6A3F336DA7B1DAAC1FC3F24 /* Pods-Weather.release.xcconfig */ = {isa = PBXFileReference; includeInIndex = 1; lastKnownFileType = text.xcconfig; name = "Pods-Weather.release.xcconfig"; path = "Target Support Files/Pods-Weather/Pods-Weather.release.xcconfig"; sourceTree = "<group>"; };
		ED4A1C244470B08DC806C132 /* Pods-Weather.debug.xcconfig */ = {isa = PBXFileReference; includeInIndex = 1; lastKnownFileType = text.xcconfig; name = "Pods-Weather.debug.xcconfig"; path = "Target Support Files/Pods-Weather/Pods-Weather.debug.xcconfig"; sourceTree = "<group>"; };
		FFDF7307D95ADCFEC261EBE5 /* Pods-Weather-WeatherUITests.release.xcconfig */ = {isa = PBXFileReference; includeInIndex = 1; lastKnownFileType = text.xcconfig; name = "Pods-Weather-WeatherUITests.release.xcconfig"; path = "Target Support Files/Pods-Weather-WeatherUITests/Pods-Weather-WeatherUITests.release.xcconfig"; sourceTree = "<group>"; };
/* End PBXFileReference section */

/* Begin PBXFrameworksBuildPhase section */
		17B0BB7729BF517100B08EA7 /* Frameworks */ = {
			isa = PBXFrameworksBuildPhase;
			buildActionMask = 2147483647;
			files = (
				37CF63B14A5E7D448A1A4B7A /* Pods_Weather.framework in Frameworks */,
			);
			runOnlyForDeploymentPostprocessing = 0;
		};
		17B0BB8D29BF517100B08EA7 /* Frameworks */ = {
			isa = PBXFrameworksBuildPhase;
			buildActionMask = 2147483647;
			files = (
				3E6CF914B371EEB2BD20273E /* Pods_WeatherTests.framework in Frameworks */,
			);
			runOnlyForDeploymentPostprocessing = 0;
		};
		17B0BB9729BF517200B08EA7 /* Frameworks */ = {
			isa = PBXFrameworksBuildPhase;
			buildActionMask = 2147483647;
			files = (
				1C4024A21D9B3FFABBDBF94D /* Pods_Weather_WeatherUITests.framework in Frameworks */,
			);
			runOnlyForDeploymentPostprocessing = 0;
		};
/* End PBXFrameworksBuildPhase section */

/* Begin PBXGroup section */
		172936AC29C465750024B8DD /* SupprotingFiles */ = {
			isa = PBXGroup;
			children = (
				17B0BB7D29BF517100B08EA7 /* AppDelegate.swift */,
				17B0BB8629BF517100B08EA7 /* Assets.xcassets */,
			);
			path = SupprotingFiles;
			sourceTree = "<group>";
		};
		172936B329C58E4C0024B8DD /* Database */ = {
			isa = PBXGroup;
			children = (
				172936B129C586E10024B8DD /* LocationDataManagerFake.swift */,
				172936B729C592D20024B8DD /* LocationDataManagerTest.swift */,
			);
			path = Database;
			sourceTree = "<group>";
		};
		172936B429C58E5F0024B8DD /* Extensions */ = {
			isa = PBXGroup;
			children = (
				172936AF29C5846E0024B8DD /* TestableObserver+Extension.swift */,
			);
			path = Extensions;
			sourceTree = "<group>";
		};
		172936B529C58E720024B8DD /* ViewModelTests */ = {
			isa = PBXGroup;
			children = (
				172936AD29C4FC2D0024B8DD /* WeatherViewModelTest.swift */,
				172936BB29C5EBDA0024B8DD /* LocationSearchViewModelTests.swift */,
			);
			path = ViewModelTests;
			sourceTree = "<group>";
		};
		172936BD29C67A490024B8DD /* Connection */ = {
			isa = PBXGroup;
			children = (
				172936BE29C67B140024B8DD /* HttpCommunicationManagerFake.swift */,
			);
			path = Connection;
			sourceTree = "<group>";
		};
		178638BD29C200580059310F /* Database */ = {
			isa = PBXGroup;
			children = (
				178638BE29C200840059310F /* Location.swift */,
				178638C029C202EC0059310F /* LocationDataManager.swift */,
			);
			path = Database;
			sourceTree = "<group>";
		};
		17B0BB7129BF517100B08EA7 = {
			isa = PBXGroup;
			children = (
				17B0BB7C29BF517100B08EA7 /* Weather */,
				17B0BB9329BF517100B08EA7 /* WeatherTests */,
				17B0BB9D29BF517200B08EA7 /* WeatherUITests */,
				17B0BB7B29BF517100B08EA7 /* Products */,
				C3A8FD0A2FCD596AD4EF6290 /* Pods */,
				FF3DC8239C24A388478E0BFD /* Frameworks */,
			);
			sourceTree = "<group>";
		};
		17B0BB7B29BF517100B08EA7 /* Products */ = {
			isa = PBXGroup;
			children = (
				17B0BB7A29BF517100B08EA7 /* Weather.app */,
				17B0BB9029BF517100B08EA7 /* WeatherTests.xctest */,
				17B0BB9A29BF517200B08EA7 /* WeatherUITests.xctest */,
			);
			name = Products;
			sourceTree = "<group>";
		};
		17B0BB7C29BF517100B08EA7 /* Weather */ = {
			isa = PBXGroup;
			children = (
				17B0BB8B29BF517100B08EA7 /* Info.plist */,
				172936AC29C465750024B8DD /* SupprotingFiles */,
				178638BD29C200580059310F /* Database */,
				17F20D9429C084CC00971F42 /* Extensions */,
				17B0BBB529BF6C6000B08EA7 /* ViewModels */,
				17B0BBB429BF6C4D00B08EA7 /* Models */,
				17B0BBB329BF6C4300B08EA7 /* Views */,
				17B0BBAE29BF624F00B08EA7 /* Helpers */,
				17B0BBAD29BF5D0A00B08EA7 /* Coordinators */,
			);
			path = Weather;
			sourceTree = "<group>";
		};
		17B0BB9329BF517100B08EA7 /* WeatherTests */ = {
			isa = PBXGroup;
			children = (
				172936BD29C67A490024B8DD /* Connection */,
				172936B529C58E720024B8DD /* ViewModelTests */,
				172936B429C58E5F0024B8DD /* Extensions */,
				172936B329C58E4C0024B8DD /* Database */,
			);
			path = WeatherTests;
			sourceTree = "<group>";
		};
		17B0BB9D29BF517200B08EA7 /* WeatherUITests */ = {
			isa = PBXGroup;
			children = (
				17B0BB9E29BF517200B08EA7 /* WeatherUITests.swift */,
				17B0BBA029BF517200B08EA7 /* WeatherUITestsLaunchTests.swift */,
			);
			path = WeatherUITests;
			sourceTree = "<group>";
		};
		17B0BBAD29BF5D0A00B08EA7 /* Coordinators */ = {
			isa = PBXGroup;
			children = (
				17B0BBBA29BF7D2C00B08EA7 /* Coordinator.swift */,
				17B0BBBC29BF7D5E00B08EA7 /* MainCoordinator.swift */,
			);
			path = Coordinators;
			sourceTree = "<group>";
		};
		17B0BBAE29BF624F00B08EA7 /* Helpers */ = {
			isa = PBXGroup;
			children = (
				17F20D8F29BF935300971F42 /* Connection */,
				17B0BBAF29BF64D000B08EA7 /* Factory.swift */,
				17B0BBB129BF651F00B08EA7 /* ViewFactory.swift */,
				17F20D9229C0848D00971F42 /* URLFactory.swift */,
				170D9C0429CB4DBD00A15042 /* Constants.swift */,
			);
			path = Helpers;
			sourceTree = "<group>";
		};
		17B0BBB329BF6C4300B08EA7 /* Views */ = {
			isa = PBXGroup;
			children = (
				178638D429C33C570059310F /* LocationSearchViewController.swift */,
				17F20D9B29C121A300971F42 /* WeatherViewController.swift */,
				1786387729C1ED680059310F /* LocationTableViewCell.swift */,
				1786387829C1ED680059310F /* LocationTableViewCell.xib */,
				178638D029C33B110059310F /* SavedLocationTableViewCell.swift */,
				178638D129C33B110059310F /* SavedLocationTableViewCell.xib */,
				17B0BB8829BF517100B08EA7 /* LaunchScreen.storyboard */,
				17B0BB8329BF517100B08EA7 /* Main.storyboard */,
			);
			path = Views;
			sourceTree = "<group>";
		};
		17B0BBB429BF6C4D00B08EA7 /* Models */ = {
			isa = PBXGroup;
			children = (
				178638C429C22BD00059310F /* SavedLocationCellModel.swift */,
				1729366029C38EFA0024B8DD /* LocationCellModel.swift */,
				17F20D9929C1003700971F42 /* LocationWeather.swift */,
			);
			path = Models;
			sourceTree = "<group>";
		};
		17B0BBB529BF6C6000B08EA7 /* ViewModels */ = {
			isa = PBXGroup;
			children = (
				17F20D9D29C1CBB000971F42 /* WeatherViewModel.swift */,
				178638D629C347020059310F /* LocationSearchViewModel.swift */,
			);
			path = ViewModels;
			sourceTree = "<group>";
		};
		17F20D8F29BF935300971F42 /* Connection */ = {
			isa = PBXGroup;
			children = (
				17F20D9029BF937700971F42 /* HttpCommunicationManager.swift */,
				17F20D9529C0885200971F42 /* HttpCommunicationService.swift */,
			);
			path = Connection;
			sourceTree = "<group>";
		};
		17F20D9429C084CC00971F42 /* Extensions */ = {
			isa = PBXGroup;
			children = (
				17B0BBC029BF7E9800B08EA7 /* UIViewController+Extension.swift */,
				17F20D9729C0CCB400971F42 /* ObservableConvertibleType+Extension.swift */,
				17F20D9F29C1E01D00971F42 /* UIImageView+Extension.swift */,
				178638CA29C311940059310F /* UITableViewCell+Extension.swift */,
			);
			path = Extensions;
			sourceTree = "<group>";
		};
		C3A8FD0A2FCD596AD4EF6290 /* Pods */ = {
			isa = PBXGroup;
			children = (
				ED4A1C244470B08DC806C132 /* Pods-Weather.debug.xcconfig */,
				B6A3F336DA7B1DAAC1FC3F24 /* Pods-Weather.release.xcconfig */,
				6E3BF6BF74BC4608F4A67ECE /* Pods-Weather-WeatherUITests.debug.xcconfig */,
				FFDF7307D95ADCFEC261EBE5 /* Pods-Weather-WeatherUITests.release.xcconfig */,
				1CE8DDA1BB4C1E7924ABDEFF /* Pods-WeatherTests.debug.xcconfig */,
				73EB48B9520F1D5CD77C6318 /* Pods-WeatherTests.release.xcconfig */,
			);
			path = Pods;
			sourceTree = "<group>";
		};
		FF3DC8239C24A388478E0BFD /* Frameworks */ = {
			isa = PBXGroup;
			children = (
				AD65542364E8A498BD393E38 /* Pods_Weather.framework */,
				60E36202FE73D433E9C988A2 /* Pods_Weather_WeatherUITests.framework */,
				0118268B0F67A77F0105C12B /* Pods_WeatherTests.framework */,
			);
			name = Frameworks;
			sourceTree = "<group>";
		};
/* End PBXGroup section */

/* Begin PBXNativeTarget section */
		17B0BB7929BF517100B08EA7 /* Weather */ = {
			isa = PBXNativeTarget;
			buildConfigurationList = 17B0BBA429BF517200B08EA7 /* Build configuration list for PBXNativeTarget "Weather" */;
			buildPhases = (
				489DC32547378B4D13A086DA /* [CP] Check Pods Manifest.lock */,
				17B0BB7629BF517100B08EA7 /* Sources */,
				17B0BB7729BF517100B08EA7 /* Frameworks */,
				17B0BB7829BF517100B08EA7 /* Resources */,
				031DB3B63BD2966800AEA755 /* [CP] Embed Pods Frameworks */,
			);
			buildRules = (
			);
			dependencies = (
			);
			name = Weather;
			productName = Weather;
			productReference = 17B0BB7A29BF517100B08EA7 /* Weather.app */;
			productType = "com.apple.product-type.application";
		};
		17B0BB8F29BF517100B08EA7 /* WeatherTests */ = {
			isa = PBXNativeTarget;
			buildConfigurationList = 17B0BBA729BF517200B08EA7 /* Build configuration list for PBXNativeTarget "WeatherTests" */;
			buildPhases = (
				436F6E851E3398B8622B575F /* [CP] Check Pods Manifest.lock */,
				17B0BB8C29BF517100B08EA7 /* Sources */,
				17B0BB8D29BF517100B08EA7 /* Frameworks */,
				17B0BB8E29BF517100B08EA7 /* Resources */,
				660D00F65F491C67B81E190A /* [CP] Embed Pods Frameworks */,
			);
			buildRules = (
			);
			dependencies = (
				17B0BB9229BF517100B08EA7 /* PBXTargetDependency */,
			);
			name = WeatherTests;
			productName = WeatherTests;
			productReference = 17B0BB9029BF517100B08EA7 /* WeatherTests.xctest */;
			productType = "com.apple.product-type.bundle.unit-test";
		};
		17B0BB9929BF517200B08EA7 /* WeatherUITests */ = {
			isa = PBXNativeTarget;
			buildConfigurationList = 17B0BBAA29BF517200B08EA7 /* Build configuration list for PBXNativeTarget "WeatherUITests" */;
			buildPhases = (
				37A4E2BB5089BAEE91E30F0B /* [CP] Check Pods Manifest.lock */,
				17B0BB9629BF517200B08EA7 /* Sources */,
				17B0BB9729BF517200B08EA7 /* Frameworks */,
				17B0BB9829BF517200B08EA7 /* Resources */,
				93D8647FEA18A4863FD2CEF0 /* [CP] Embed Pods Frameworks */,
			);
			buildRules = (
			);
			dependencies = (
				17B0BB9C29BF517200B08EA7 /* PBXTargetDependency */,
			);
			name = WeatherUITests;
			productName = WeatherUITests;
			productReference = 17B0BB9A29BF517200B08EA7 /* WeatherUITests.xctest */;
			productType = "com.apple.product-type.bundle.ui-testing";
		};
/* End PBXNativeTarget section */

/* Begin PBXProject section */
		17B0BB7229BF517100B08EA7 /* Project object */ = {
			isa = PBXProject;
			attributes = {
				BuildIndependentTargetsInParallel = 1;
				LastSwiftUpdateCheck = 1420;
				LastUpgradeCheck = 1420;
				TargetAttributes = {
					17B0BB7929BF517100B08EA7 = {
						CreatedOnToolsVersion = 14.2;
					};
					17B0BB8F29BF517100B08EA7 = {
						CreatedOnToolsVersion = 14.2;
						TestTargetID = 17B0BB7929BF517100B08EA7;
					};
					17B0BB9929BF517200B08EA7 = {
						CreatedOnToolsVersion = 14.2;
						TestTargetID = 17B0BB7929BF517100B08EA7;
					};
				};
			};
			buildConfigurationList = 17B0BB7529BF517100B08EA7 /* Build configuration list for PBXProject "Weather" */;
			compatibilityVersion = "Xcode 14.0";
			developmentRegion = en;
			hasScannedForEncodings = 0;
			knownRegions = (
				en,
				Base,
			);
			mainGroup = 17B0BB7129BF517100B08EA7;
			productRefGroup = 17B0BB7B29BF517100B08EA7 /* Products */;
			projectDirPath = "";
			projectRoot = "";
			targets = (
				17B0BB7929BF517100B08EA7 /* Weather */,
				17B0BB8F29BF517100B08EA7 /* WeatherTests */,
				17B0BB9929BF517200B08EA7 /* WeatherUITests */,
			);
		};
/* End PBXProject section */

/* Begin PBXResourcesBuildPhase section */
		17B0BB7829BF517100B08EA7 /* Resources */ = {
			isa = PBXResourcesBuildPhase;
			buildActionMask = 2147483647;
			files = (
				178638D329C33B110059310F /* SavedLocationTableViewCell.xib in Resources */,
				1786387A29C1ED680059310F /* LocationTableViewCell.xib in Resources */,
				17B0BB8A29BF517100B08EA7 /* LaunchScreen.storyboard in Resources */,
				17B0BB8729BF517100B08EA7 /* Assets.xcassets in Resources */,
				17B0BB8529BF517100B08EA7 /* Main.storyboard in Resources */,
			);
			runOnlyForDeploymentPostprocessing = 0;
		};
		17B0BB8E29BF517100B08EA7 /* Resources */ = {
			isa = PBXResourcesBuildPhase;
			buildActionMask = 2147483647;
			files = (
			);
			runOnlyForDeploymentPostprocessing = 0;
		};
		17B0BB9829BF517200B08EA7 /* Resources */ = {
			isa = PBXResourcesBuildPhase;
			buildActionMask = 2147483647;
			files = (
			);
			runOnlyForDeploymentPostprocessing = 0;
		};
/* End PBXResourcesBuildPhase section */

/* Begin PBXShellScriptBuildPhase section */
		031DB3B63BD2966800AEA755 /* [CP] Embed Pods Frameworks */ = {
			isa = PBXShellScriptBuildPhase;
			buildActionMask = 2147483647;
			files = (
			);
			inputFileListPaths = (
				"${PODS_ROOT}/Target Support Files/Pods-Weather/Pods-Weather-frameworks-${CONFIGURATION}-input-files.xcfilelist",
			);
			name = "[CP] Embed Pods Frameworks";
			outputFileListPaths = (
				"${PODS_ROOT}/Target Support Files/Pods-Weather/Pods-Weather-frameworks-${CONFIGURATION}-output-files.xcfilelist",
			);
			runOnlyForDeploymentPostprocessing = 0;
			shellPath = /bin/sh;
			shellScript = "\"${PODS_ROOT}/Target Support Files/Pods-Weather/Pods-Weather-frameworks.sh\"\n";
			showEnvVarsInLog = 0;
		};
		37A4E2BB5089BAEE91E30F0B /* [CP] Check Pods Manifest.lock */ = {
			isa = PBXShellScriptBuildPhase;
			buildActionMask = 2147483647;
			files = (
			);
			inputFileListPaths = (
			);
			inputPaths = (
				"${PODS_PODFILE_DIR_PATH}/Podfile.lock",
				"${PODS_ROOT}/Manifest.lock",
			);
			name = "[CP] Check Pods Manifest.lock";
			outputFileListPaths = (
			);
			outputPaths = (
				"$(DERIVED_FILE_DIR)/Pods-Weather-WeatherUITests-checkManifestLockResult.txt",
			);
			runOnlyForDeploymentPostprocessing = 0;
			shellPath = /bin/sh;
			shellScript = "diff \"${PODS_PODFILE_DIR_PATH}/Podfile.lock\" \"${PODS_ROOT}/Manifest.lock\" > /dev/null\nif [ $? != 0 ] ; then\n    # print error to STDERR\n    echo \"error: The sandbox is not in sync with the Podfile.lock. Run 'pod install' or update your CocoaPods installation.\" >&2\n    exit 1\nfi\n# This output is used by Xcode 'outputs' to avoid re-running this script phase.\necho \"SUCCESS\" > \"${SCRIPT_OUTPUT_FILE_0}\"\n";
			showEnvVarsInLog = 0;
		};
		436F6E851E3398B8622B575F /* [CP] Check Pods Manifest.lock */ = {
			isa = PBXShellScriptBuildPhase;
			buildActionMask = 2147483647;
			files = (
			);
			inputFileListPaths = (
			);
			inputPaths = (
				"${PODS_PODFILE_DIR_PATH}/Podfile.lock",
				"${PODS_ROOT}/Manifest.lock",
			);
			name = "[CP] Check Pods Manifest.lock";
			outputFileListPaths = (
			);
			outputPaths = (
				"$(DERIVED_FILE_DIR)/Pods-WeatherTests-checkManifestLockResult.txt",
			);
			runOnlyForDeploymentPostprocessing = 0;
			shellPath = /bin/sh;
			shellScript = "diff \"${PODS_PODFILE_DIR_PATH}/Podfile.lock\" \"${PODS_ROOT}/Manifest.lock\" > /dev/null\nif [ $? != 0 ] ; then\n    # print error to STDERR\n    echo \"error: The sandbox is not in sync with the Podfile.lock. Run 'pod install' or update your CocoaPods installation.\" >&2\n    exit 1\nfi\n# This output is used by Xcode 'outputs' to avoid re-running this script phase.\necho \"SUCCESS\" > \"${SCRIPT_OUTPUT_FILE_0}\"\n";
			showEnvVarsInLog = 0;
		};
		489DC32547378B4D13A086DA /* [CP] Check Pods Manifest.lock */ = {
			isa = PBXShellScriptBuildPhase;
			buildActionMask = 2147483647;
			files = (
			);
			inputFileListPaths = (
			);
			inputPaths = (
				"${PODS_PODFILE_DIR_PATH}/Podfile.lock",
				"${PODS_ROOT}/Manifest.lock",
			);
			name = "[CP] Check Pods Manifest.lock";
			outputFileListPaths = (
			);
			outputPaths = (
				"$(DERIVED_FILE_DIR)/Pods-Weather-checkManifestLockResult.txt",
			);
			runOnlyForDeploymentPostprocessing = 0;
			shellPath = /bin/sh;
			shellScript = "diff \"${PODS_PODFILE_DIR_PATH}/Podfile.lock\" \"${PODS_ROOT}/Manifest.lock\" > /dev/null\nif [ $? != 0 ] ; then\n    # print error to STDERR\n    echo \"error: The sandbox is not in sync with the Podfile.lock. Run 'pod install' or update your CocoaPods installation.\" >&2\n    exit 1\nfi\n# This output is used by Xcode 'outputs' to avoid re-running this script phase.\necho \"SUCCESS\" > \"${SCRIPT_OUTPUT_FILE_0}\"\n";
			showEnvVarsInLog = 0;
		};
		660D00F65F491C67B81E190A /* [CP] Embed Pods Frameworks */ = {
			isa = PBXShellScriptBuildPhase;
			buildActionMask = 2147483647;
			files = (
			);
			inputFileListPaths = (
				"${PODS_ROOT}/Target Support Files/Pods-WeatherTests/Pods-WeatherTests-frameworks-${CONFIGURATION}-input-files.xcfilelist",
			);
			name = "[CP] Embed Pods Frameworks";
			outputFileListPaths = (
				"${PODS_ROOT}/Target Support Files/Pods-WeatherTests/Pods-WeatherTests-frameworks-${CONFIGURATION}-output-files.xcfilelist",
			);
			runOnlyForDeploymentPostprocessing = 0;
			shellPath = /bin/sh;
			shellScript = "\"${PODS_ROOT}/Target Support Files/Pods-WeatherTests/Pods-WeatherTests-frameworks.sh\"\n";
			showEnvVarsInLog = 0;
		};
		93D8647FEA18A4863FD2CEF0 /* [CP] Embed Pods Frameworks */ = {
			isa = PBXShellScriptBuildPhase;
			buildActionMask = 2147483647;
			files = (
			);
			inputFileListPaths = (
				"${PODS_ROOT}/Target Support Files/Pods-Weather-WeatherUITests/Pods-Weather-WeatherUITests-frameworks-${CONFIGURATION}-input-files.xcfilelist",
			);
			name = "[CP] Embed Pods Frameworks";
			outputFileListPaths = (
				"${PODS_ROOT}/Target Support Files/Pods-Weather-WeatherUITests/Pods-Weather-WeatherUITests-frameworks-${CONFIGURATION}-output-files.xcfilelist",
			);
			runOnlyForDeploymentPostprocessing = 0;
			shellPath = /bin/sh;
			shellScript = "\"${PODS_ROOT}/Target Support Files/Pods-Weather-WeatherUITests/Pods-Weather-WeatherUITests-frameworks.sh\"\n";
			showEnvVarsInLog = 0;
		};
/* End PBXShellScriptBuildPhase section */

/* Begin PBXSourcesBuildPhase section */
		17B0BB7629BF517100B08EA7 /* Sources */ = {
			isa = PBXSourcesBuildPhase;
			buildActionMask = 2147483647;
			files = (
				178638D229C33B110059310F /* SavedLocationTableViewCell.swift in Sources */,
				17F20D9629C0885300971F42 /* HttpCommunicationService.swift in Sources */,
				178638BF29C200840059310F /* Location.swift in Sources */,
				17B0BBB029BF64D000B08EA7 /* Factory.swift in Sources */,
				178638D729C347020059310F /* LocationSearchViewModel.swift in Sources */,
				17B0BBBD29BF7D5E00B08EA7 /* MainCoordinator.swift in Sources */,
				1729366129C38EFA0024B8DD /* LocationCellModel.swift in Sources */,
				17B0BBB229BF651F00B08EA7 /* ViewFactory.swift in Sources */,
				178638C129C202EC0059310F /* LocationDataManager.swift in Sources */,
				17B0BB7E29BF517100B08EA7 /* AppDelegate.swift in Sources */,
				178638D529C33C570059310F /* LocationSearchViewController.swift in Sources */,
				1786387929C1ED680059310F /* LocationTableViewCell.swift in Sources */,
				17F20D9129BF937700971F42 /* HttpCommunicationManager.swift in Sources */,
				17F20D9829C0CCB400971F42 /* ObservableConvertibleType+Extension.swift in Sources */,
				17B0BBC129BF7E9800B08EA7 /* UIViewController+Extension.swift in Sources */,
				17F20DA029C1E01D00971F42 /* UIImageView+Extension.swift in Sources */,
				17F20D9E29C1CBB000971F42 /* WeatherViewModel.swift in Sources */,
				17F20D9329C0848D00971F42 /* URLFactory.swift in Sources */,
				17F20D9C29C121A300971F42 /* WeatherViewController.swift in Sources */,
				17F20D9A29C1003700971F42 /* LocationWeather.swift in Sources */,
				178638CB29C311940059310F /* UITableViewCell+Extension.swift in Sources */,
				17B0BBBB29BF7D2C00B08EA7 /* Coordinator.swift in Sources */,
				178638C529C22BD00059310F /* SavedLocationCellModel.swift in Sources */,
				170D9C0529CB4DBD00A15042 /* Constants.swift in Sources */,
			);
			runOnlyForDeploymentPostprocessing = 0;
		};
		17B0BB8C29BF517100B08EA7 /* Sources */ = {
			isa = PBXSourcesBuildPhase;
			buildActionMask = 2147483647;
			files = (
				172936B029C5846E0024B8DD /* TestableObserver+Extension.swift in Sources */,
				172936B229C586E10024B8DD /* LocationDataManagerFake.swift in Sources */,
				172936B829C592D20024B8DD /* LocationDataManagerTest.swift in Sources */,
				172936AE29C4FC2D0024B8DD /* WeatherViewModelTest.swift in Sources */,
				172936BC29C5EBDA0024B8DD /* LocationSearchViewModelTests.swift in Sources */,
				172936BF29C67B140024B8DD /* HttpCommunicationManagerFake.swift in Sources */,
			);
			runOnlyForDeploymentPostprocessing = 0;
		};
		17B0BB9629BF517200B08EA7 /* Sources */ = {
			isa = PBXSourcesBuildPhase;
			buildActionMask = 2147483647;
			files = (
				17B0BB9F29BF517200B08EA7 /* WeatherUITests.swift in Sources */,
				17B0BBA129BF517200B08EA7 /* WeatherUITestsLaunchTests.swift in Sources */,
			);
			runOnlyForDeploymentPostprocessing = 0;
		};
/* End PBXSourcesBuildPhase section */

/* Begin PBXTargetDependency section */
		17B0BB9229BF517100B08EA7 /* PBXTargetDependency */ = {
			isa = PBXTargetDependency;
			target = 17B0BB7929BF517100B08EA7 /* Weather */;
			targetProxy = 17B0BB9129BF517100B08EA7 /* PBXContainerItemProxy */;
		};
		17B0BB9C29BF517200B08EA7 /* PBXTargetDependency */ = {
			isa = PBXTargetDependency;
			target = 17B0BB7929BF517100B08EA7 /* Weather */;
			targetProxy = 17B0BB9B29BF517200B08EA7 /* PBXContainerItemProxy */;
		};
/* End PBXTargetDependency section */

/* Begin PBXVariantGroup section */
		17B0BB8329BF517100B08EA7 /* Main.storyboard */ = {
			isa = PBXVariantGroup;
			children = (
				17B0BB8429BF517100B08EA7 /* Base */,
			);
			name = Main.storyboard;
			sourceTree = "<group>";
		};
		17B0BB8829BF517100B08EA7 /* LaunchScreen.storyboard */ = {
			isa = PBXVariantGroup;
			children = (
				17B0BB8929BF517100B08EA7 /* Base */,
			);
			name = LaunchScreen.storyboard;
			sourceTree = "<group>";
		};
/* End PBXVariantGroup section */

/* Begin XCBuildConfiguration section */
		17B0BBA229BF517200B08EA7 /* Debug */ = {
			isa = XCBuildConfiguration;
			buildSettings = {
				ALWAYS_SEARCH_USER_PATHS = NO;
				CLANG_ANALYZER_NONNULL = YES;
				CLANG_ANALYZER_NUMBER_OBJECT_CONVERSION = YES_AGGRESSIVE;
				CLANG_CXX_LANGUAGE_STANDARD = "gnu++20";
				CLANG_ENABLE_MODULES = YES;
				CLANG_ENABLE_OBJC_ARC = YES;
				CLANG_ENABLE_OBJC_WEAK = YES;
				CLANG_WARN_BLOCK_CAPTURE_AUTORELEASING = YES;
				CLANG_WARN_BOOL_CONVERSION = YES;
				CLANG_WARN_COMMA = YES;
				CLANG_WARN_CONSTANT_CONVERSION = YES;
				CLANG_WARN_DEPRECATED_OBJC_IMPLEMENTATIONS = YES;
				CLANG_WARN_DIRECT_OBJC_ISA_USAGE = YES_ERROR;
				CLANG_WARN_DOCUMENTATION_COMMENTS = YES;
				CLANG_WARN_EMPTY_BODY = YES;
				CLANG_WARN_ENUM_CONVERSION = YES;
				CLANG_WARN_INFINITE_RECURSION = YES;
				CLANG_WARN_INT_CONVERSION = YES;
				CLANG_WARN_NON_LITERAL_NULL_CONVERSION = YES;
				CLANG_WARN_OBJC_IMPLICIT_RETAIN_SELF = YES;
				CLANG_WARN_OBJC_LITERAL_CONVERSION = YES;
				CLANG_WARN_OBJC_ROOT_CLASS = YES_ERROR;
				CLANG_WARN_QUOTED_INCLUDE_IN_FRAMEWORK_HEADER = YES;
				CLANG_WARN_RANGE_LOOP_ANALYSIS = YES;
				CLANG_WARN_STRICT_PROTOTYPES = YES;
				CLANG_WARN_SUSPICIOUS_MOVE = YES;
				CLANG_WARN_UNGUARDED_AVAILABILITY = YES_AGGRESSIVE;
				CLANG_WARN_UNREACHABLE_CODE = YES;
				CLANG_WARN__DUPLICATE_METHOD_MATCH = YES;
				COPY_PHASE_STRIP = NO;
				DEBUG_INFORMATION_FORMAT = dwarf;
				ENABLE_STRICT_OBJC_MSGSEND = YES;
				ENABLE_TESTABILITY = YES;
				GCC_C_LANGUAGE_STANDARD = gnu11;
				GCC_DYNAMIC_NO_PIC = NO;
				GCC_NO_COMMON_BLOCKS = YES;
				GCC_OPTIMIZATION_LEVEL = 0;
				GCC_PREPROCESSOR_DEFINITIONS = (
					"DEBUG=1",
					"$(inherited)",
				);
				GCC_WARN_64_TO_32_BIT_CONVERSION = YES;
				GCC_WARN_ABOUT_RETURN_TYPE = YES_ERROR;
				GCC_WARN_UNDECLARED_SELECTOR = YES;
				GCC_WARN_UNINITIALIZED_AUTOS = YES_AGGRESSIVE;
				GCC_WARN_UNUSED_FUNCTION = YES;
				GCC_WARN_UNUSED_VARIABLE = YES;
				IPHONEOS_DEPLOYMENT_TARGET = 16.2;
				MTL_ENABLE_DEBUG_INFO = INCLUDE_SOURCE;
				MTL_FAST_MATH = YES;
				ONLY_ACTIVE_ARCH = YES;
				OW_App_ID = 4ed1e37e89277c79528a372962b6a980;
				SDKROOT = iphoneos;
				SWIFT_ACTIVE_COMPILATION_CONDITIONS = DEBUG;
				SWIFT_OPTIMIZATION_LEVEL = "-Onone";
			};
			name = Debug;
		};
		17B0BBA329BF517200B08EA7 /* Release */ = {
			isa = XCBuildConfiguration;
			buildSettings = {
				ALWAYS_SEARCH_USER_PATHS = NO;
				CLANG_ANALYZER_NONNULL = YES;
				CLANG_ANALYZER_NUMBER_OBJECT_CONVERSION = YES_AGGRESSIVE;
				CLANG_CXX_LANGUAGE_STANDARD = "gnu++20";
				CLANG_ENABLE_MODULES = YES;
				CLANG_ENABLE_OBJC_ARC = YES;
				CLANG_ENABLE_OBJC_WEAK = YES;
				CLANG_WARN_BLOCK_CAPTURE_AUTORELEASING = YES;
				CLANG_WARN_BOOL_CONVERSION = YES;
				CLANG_WARN_COMMA = YES;
				CLANG_WARN_CONSTANT_CONVERSION = YES;
				CLANG_WARN_DEPRECATED_OBJC_IMPLEMENTATIONS = YES;
				CLANG_WARN_DIRECT_OBJC_ISA_USAGE = YES_ERROR;
				CLANG_WARN_DOCUMENTATION_COMMENTS = YES;
				CLANG_WARN_EMPTY_BODY = YES;
				CLANG_WARN_ENUM_CONVERSION = YES;
				CLANG_WARN_INFINITE_RECURSION = YES;
				CLANG_WARN_INT_CONVERSION = YES;
				CLANG_WARN_NON_LITERAL_NULL_CONVERSION = YES;
				CLANG_WARN_OBJC_IMPLICIT_RETAIN_SELF = YES;
				CLANG_WARN_OBJC_LITERAL_CONVERSION = YES;
				CLANG_WARN_OBJC_ROOT_CLASS = YES_ERROR;
				CLANG_WARN_QUOTED_INCLUDE_IN_FRAMEWORK_HEADER = YES;
				CLANG_WARN_RANGE_LOOP_ANALYSIS = YES;
				CLANG_WARN_STRICT_PROTOTYPES = YES;
				CLANG_WARN_SUSPICIOUS_MOVE = YES;
				CLANG_WARN_UNGUARDED_AVAILABILITY = YES_AGGRESSIVE;
				CLANG_WARN_UNREACHABLE_CODE = YES;
				CLANG_WARN__DUPLICATE_METHOD_MATCH = YES;
				COPY_PHASE_STRIP = NO;
				DEBUG_INFORMATION_FORMAT = "dwarf-with-dsym";
				ENABLE_NS_ASSERTIONS = NO;
				ENABLE_STRICT_OBJC_MSGSEND = YES;
				GCC_C_LANGUAGE_STANDARD = gnu11;
				GCC_NO_COMMON_BLOCKS = YES;
				GCC_WARN_64_TO_32_BIT_CONVERSION = YES;
				GCC_WARN_ABOUT_RETURN_TYPE = YES_ERROR;
				GCC_WARN_UNDECLARED_SELECTOR = YES;
				GCC_WARN_UNINITIALIZED_AUTOS = YES_AGGRESSIVE;
				GCC_WARN_UNUSED_FUNCTION = YES;
				GCC_WARN_UNUSED_VARIABLE = YES;
				IPHONEOS_DEPLOYMENT_TARGET = 16.2;
				MTL_ENABLE_DEBUG_INFO = NO;
				MTL_FAST_MATH = YES;
				OW_App_ID = 4ed1e37e89277c79528a372962b6a980;
				SDKROOT = iphoneos;
				SWIFT_COMPILATION_MODE = wholemodule;
				SWIFT_OPTIMIZATION_LEVEL = "-O";
				VALIDATE_PRODUCT = YES;
			};
			name = Release;
		};
		17B0BBA529BF517200B08EA7 /* Debug */ = {
			isa = XCBuildConfiguration;
			baseConfigurationReference = ED4A1C244470B08DC806C132 /* Pods-Weather.debug.xcconfig */;
			buildSettings = {
				ASSETCATALOG_COMPILER_APPICON_NAME = AppIcon;
				ASSETCATALOG_COMPILER_GLOBAL_ACCENT_COLOR_NAME = AccentColor;
				CODE_SIGN_STYLE = Automatic;
				CURRENT_PROJECT_VERSION = 1;
				DEVELOPMENT_TEAM = "";
				GENERATE_INFOPLIST_FILE = YES;
				INFOPLIST_FILE = Weather/Info.plist;
				INFOPLIST_KEY_UIApplicationSupportsIndirectInputEvents = YES;
				INFOPLIST_KEY_UILaunchStoryboardName = LaunchScreen;
				INFOPLIST_KEY_UIMainStoryboardFile = Main;
				INFOPLIST_KEY_UISupportedInterfaceOrientations_iPad = "UIInterfaceOrientationPortrait UIInterfaceOrientationPortraitUpsideDown UIInterfaceOrientationLandscapeLeft UIInterfaceOrientationLandscapeRight";
				INFOPLIST_KEY_UISupportedInterfaceOrientations_iPhone = "UIInterfaceOrientationPortrait UIInterfaceOrientationLandscapeLeft UIInterfaceOrientationLandscapeRight";
				IPHONEOS_DEPLOYMENT_TARGET = 14.0;
				LD_RUNPATH_SEARCH_PATHS = (
					"$(inherited)",
					"@executable_path/Frameworks",
				);
				MARKETING_VERSION = 1.0;
				PRODUCT_BUNDLE_IDENTIFIER = ipsi.Weather;
				PRODUCT_NAME = "$(TARGET_NAME)";
				SWIFT_EMIT_LOC_STRINGS = YES;
				SWIFT_VERSION = 5.0;
				TARGETED_DEVICE_FAMILY = "1,2";
			};
			name = Debug;
		};
		17B0BBA629BF517200B08EA7 /* Release */ = {
			isa = XCBuildConfiguration;
			baseConfigurationReference = B6A3F336DA7B1DAAC1FC3F24 /* Pods-Weather.release.xcconfig */;
			buildSettings = {
				ASSETCATALOG_COMPILER_APPICON_NAME = AppIcon;
				ASSETCATALOG_COMPILER_GLOBAL_ACCENT_COLOR_NAME = AccentColor;
				CODE_SIGN_STYLE = Automatic;
				CURRENT_PROJECT_VERSION = 1;
				DEVELOPMENT_TEAM = "";
				GENERATE_INFOPLIST_FILE = YES;
				INFOPLIST_FILE = Weather/Info.plist;
				INFOPLIST_KEY_UIApplicationSupportsIndirectInputEvents = YES;
				INFOPLIST_KEY_UILaunchStoryboardName = LaunchScreen;
				INFOPLIST_KEY_UIMainStoryboardFile = Main;
				INFOPLIST_KEY_UISupportedInterfaceOrientations_iPad = "UIInterfaceOrientationPortrait UIInterfaceOrientationPortraitUpsideDown UIInterfaceOrientationLandscapeLeft UIInterfaceOrientationLandscapeRight";
				INFOPLIST_KEY_UISupportedInterfaceOrientations_iPhone = "UIInterfaceOrientationPortrait UIInterfaceOrientationLandscapeLeft UIInterfaceOrientationLandscapeRight";
				IPHONEOS_DEPLOYMENT_TARGET = 14.0;
				LD_RUNPATH_SEARCH_PATHS = (
					"$(inherited)",
					"@executable_path/Frameworks",
				);
				MARKETING_VERSION = 1.0;
				PRODUCT_BUNDLE_IDENTIFIER = ipsi.Weather;
				PRODUCT_NAME = "$(TARGET_NAME)";
				SWIFT_EMIT_LOC_STRINGS = YES;
				SWIFT_VERSION = 5.0;
				TARGETED_DEVICE_FAMILY = "1,2";
			};
			name = Release;
		};
		17B0BBA829BF517200B08EA7 /* Debug */ = {
			isa = XCBuildConfiguration;
			baseConfigurationReference = 1CE8DDA1BB4C1E7924ABDEFF /* Pods-WeatherTests.debug.xcconfig */;
			buildSettings = {
				ALWAYS_EMBED_SWIFT_STANDARD_LIBRARIES = "$(inherited)";
				BUNDLE_LOADER = "$(TEST_HOST)";
				CODE_SIGN_STYLE = Automatic;
				CURRENT_PROJECT_VERSION = 1;
				DEVELOPMENT_TEAM = "";
				GENERATE_INFOPLIST_FILE = YES;
				IPHONEOS_DEPLOYMENT_TARGET = 16.2;
				MARKETING_VERSION = 1.0;
				PRODUCT_BUNDLE_IDENTIFIER = ipsi.WeatherTests;
				PRODUCT_NAME = "$(TARGET_NAME)";
				SWIFT_EMIT_LOC_STRINGS = NO;
				SWIFT_VERSION = 5.0;
				TARGETED_DEVICE_FAMILY = "1,2";
				TEST_HOST = "$(BUILT_PRODUCTS_DIR)/Weather.app/$(BUNDLE_EXECUTABLE_FOLDER_PATH)/Weather";
			};
			name = Debug;
		};
		17B0BBA929BF517200B08EA7 /* Release */ = {
			isa = XCBuildConfiguration;
			baseConfigurationReference = 73EB48B9520F1D5CD77C6318 /* Pods-WeatherTests.release.xcconfig */;
			buildSettings = {
				ALWAYS_EMBED_SWIFT_STANDARD_LIBRARIES = "$(inherited)";
				BUNDLE_LOADER = "$(TEST_HOST)";
				CODE_SIGN_STYLE = Automatic;
				CURRENT_PROJECT_VERSION = 1;
				DEVELOPMENT_TEAM = "";
				GENERATE_INFOPLIST_FILE = YES;
				IPHONEOS_DEPLOYMENT_TARGET = 16.2;
				MARKETING_VERSION = 1.0;
				PRODUCT_BUNDLE_IDENTIFIER = ipsi.WeatherTests;
				PRODUCT_NAME = "$(TARGET_NAME)";
				SWIFT_EMIT_LOC_STRINGS = NO;
				SWIFT_VERSION = 5.0;
				TARGETED_DEVICE_FAMILY = "1,2";
				TEST_HOST = "$(BUILT_PRODUCTS_DIR)/Weather.app/$(BUNDLE_EXECUTABLE_FOLDER_PATH)/Weather";
			};
			name = Release;
		};
		17B0BBAB29BF517200B08EA7 /* Debug */ = {
			isa = XCBuildConfiguration;
			baseConfigurationReference = 6E3BF6BF74BC4608F4A67ECE /* Pods-Weather-WeatherUITests.debug.xcconfig */;
			buildSettings = {
				ALWAYS_EMBED_SWIFT_STANDARD_LIBRARIES = "$(inherited)";
				CODE_SIGN_STYLE = Automatic;
				CURRENT_PROJECT_VERSION = 1;
				DEVELOPMENT_TEAM = "";
				GENERATE_INFOPLIST_FILE = YES;
				MARKETING_VERSION = 1.0;
				PRODUCT_BUNDLE_IDENTIFIER = ipsi.WeatherUITests;
				PRODUCT_NAME = "$(TARGET_NAME)";
				SWIFT_EMIT_LOC_STRINGS = NO;
				SWIFT_VERSION = 5.0;
				TARGETED_DEVICE_FAMILY = "1,2";
				TEST_TARGET_NAME = Weather;
			};
			name = Debug;
		};
		17B0BBAC29BF517200B08EA7 /* Release */ = {
			isa = XCBuildConfiguration;
			baseConfigurationReference = FFDF7307D95ADCFEC261EBE5 /* Pods-Weather-WeatherUITests.release.xcconfig */;
			buildSettings = {
				ALWAYS_EMBED_SWIFT_STANDARD_LIBRARIES = "$(inherited)";
				CODE_SIGN_STYLE = Automatic;
				CURRENT_PROJECT_VERSION = 1;
				DEVELOPMENT_TEAM = Q5JGJ86KHD;
				GENERATE_INFOPLIST_FILE = YES;
				MARKETING_VERSION = 1.0;
				PRODUCT_BUNDLE_IDENTIFIER = ipsi.WeatherUITests;
				PRODUCT_NAME = "$(TARGET_NAME)";
				SWIFT_EMIT_LOC_STRINGS = NO;
				SWIFT_VERSION = 5.0;
				TARGETED_DEVICE_FAMILY = "1,2";
				TEST_TARGET_NAME = Weather;
			};
			name = Release;
		};
/* End XCBuildConfiguration section */

/* Begin XCConfigurationList section */
		17B0BB7529BF517100B08EA7 /* Build configuration list for PBXProject "Weather" */ = {
			isa = XCConfigurationList;
			buildConfigurations = (
				17B0BBA229BF517200B08EA7 /* Debug */,
				17B0BBA329BF517200B08EA7 /* Release */,
			);
			defaultConfigurationIsVisible = 0;
			defaultConfigurationName = Release;
		};
		17B0BBA429BF517200B08EA7 /* Build configuration list for PBXNativeTarget "Weather" */ = {
			isa = XCConfigurationList;
			buildConfigurations = (
				17B0BBA529BF517200B08EA7 /* Debug */,
				17B0BBA629BF517200B08EA7 /* Release */,
			);
			defaultConfigurationIsVisible = 0;
			defaultConfigurationName = Release;
		};
		17B0BBA729BF517200B08EA7 /* Build configuration list for PBXNativeTarget "WeatherTests" */ = {
			isa = XCConfigurationList;
			buildConfigurations = (
				17B0BBA829BF517200B08EA7 /* Debug */,
				17B0BBA929BF517200B08EA7 /* Release */,
			);
			defaultConfigurationIsVisible = 0;
			defaultConfigurationName = Release;
		};
		17B0BBAA29BF517200B08EA7 /* Build configuration list for PBXNativeTarget "WeatherUITests" */ = {
			isa = XCConfigurationList;
			buildConfigurations = (
				17B0BBAB29BF517200B08EA7 /* Debug */,
				17B0BBAC29BF517200B08EA7 /* Release */,
			);
			defaultConfigurationIsVisible = 0;
			defaultConfigurationName = Release;
		};
/* End XCConfigurationList section */
	};
	rootObject = 17B0BB7229BF517100B08EA7 /* Project object */;
}
